
Microsoft Visual Studio Solution File, Format Version 12.00
# Visual Studio Version 17
VisualStudioVersion = 17.9.34723.18
MinimumVisualStudioVersion = 10.0.40219.1
Project("{FAE04EC0-301F-11D3-BF4B-00C04F79EFBC}") = "ACT1E_CRUD", "ACT1E_CRUD\ACT1E_CRUD.csproj", "{C814A31A-A2F3-46EA-A188-7B418B05E115}"
EndProject
Global
	GlobalSection(SolutionConfigurationPlatforms) = preSolution
		Debug|Any CPU = Debug|Any CPU
		Release|Any CPU = Release|Any CPU
	EndGlobalSection
	GlobalSection(ProjectConfigurationPlatforms) = postSolution
		{C814A31A-A2F3-46EA-A188-7B418B05E115}.Debug|Any CPU.ActiveCfg = Debug|Any CPU
		{C814A31A-A2F3-46EA-A188-7B418B05E115}.Debug|Any CPU.Build.0 = Debug|Any CPU
		{C814A31A-A2F3-46EA-A188-7B418B05E115}.Release|Any CPU.ActiveCfg = Release|Any CPU
		{C814A31A-A2F3-46EA-A188-7B418B05E115}.Release|Any CPU.Build.0 = Release|Any CPU
	EndGlobalSection
	GlobalSection(SolutionProperties) = preSolution
		HideSolutionNode = FALSE
	EndGlobalSection
	GlobalSection(ExtensibilityGlobals) = postSolution
		SolutionGuid = {3912A8EA-3FCF-4164-8362-421CFF72A32C}
	EndGlobalSection
EndGlobal
